
Microsoft Visual Studio Solution File, Format Version 12.00
# Visual Studio 15
Project("{FAE04EC0-301F-11D3-BF4B-00C04F79EFBC}") = "Reminder", "Reminder\Reminder.csproj", "{5371E1D6-8608-440C-AF3F-A876DC03C687}"
EndProject
Project("{FAE04EC0-301F-11D3-BF4B-00C04F79EFBC}") = "Directory", "Directory\Directory.csproj", "{1F4645A9-B715-46BA-8D9D-4D64800E8F2D}"
EndProject
Project("{FAE04EC0-301F-11D3-BF4B-00C04F79EFBC}") = "Directory.Tests", "Directory.Tests\Directory.Tests.csproj", "{2636C16C-36D3-41BA-AA62-ADC4051DE6A6}"
EndProject
Project("{FAE04EC0-301F-11D3-BF4B-00C04F79EFBC}") = "PosologyFunctions", "PosologyFunctions\PosologyFunctions.csproj", "{29EB2BD5-A8C5-48AE-9E16-17105AD9442B}"
EndProject
Project("{FAE04EC0-301F-11D3-BF4B-00C04F79EFBC}") = "Reminder.Tests", "Reminder.Tests\Reminder.Tests.csproj", "{9B0A513D-6345-4A5B-89FE-BB543A95AD14}"
EndProject
Project("{FAE04EC0-301F-11D3-BF4B-00C04F79EFBC}") = "Reminder.Integration.Tests", "Reminder.Integration.Tests\Reminder.Integration.Tests.csproj", "{8DE01DFF-39B1-4F10-BD5F-EA8AB57963F4}"
EndProject
Global
	GlobalSection(SolutionConfigurationPlatforms) = preSolution
		Debug|Any CPU = Debug|Any CPU
		Release|Any CPU = Release|Any CPU
	EndGlobalSection
	GlobalSection(ProjectConfigurationPlatforms) = postSolution
		{5371E1D6-8608-440C-AF3F-A876DC03C687}.Debug|Any CPU.ActiveCfg = Debug|Any CPU
		{5371E1D6-8608-440C-AF3F-A876DC03C687}.Debug|Any CPU.Build.0 = Debug|Any CPU
		{5371E1D6-8608-440C-AF3F-A876DC03C687}.Release|Any CPU.ActiveCfg = Release|Any CPU
		{5371E1D6-8608-440C-AF3F-A876DC03C687}.Release|Any CPU.Build.0 = Release|Any CPU
		{1F4645A9-B715-46BA-8D9D-4D64800E8F2D}.Debug|Any CPU.ActiveCfg = Debug|Any CPU
		{1F4645A9-B715-46BA-8D9D-4D64800E8F2D}.Debug|Any CPU.Build.0 = Debug|Any CPU
		{1F4645A9-B715-46BA-8D9D-4D64800E8F2D}.Release|Any CPU.ActiveCfg = Release|Any CPU
		{1F4645A9-B715-46BA-8D9D-4D64800E8F2D}.Release|Any CPU.Build.0 = Release|Any CPU
		{2636C16C-36D3-41BA-AA62-ADC4051DE6A6}.Debug|Any CPU.ActiveCfg = Debug|Any CPU
		{2636C16C-36D3-41BA-AA62-ADC4051DE6A6}.Debug|Any CPU.Build.0 = Debug|Any CPU
		{2636C16C-36D3-41BA-AA62-ADC4051DE6A6}.Release|Any CPU.ActiveCfg = Release|Any CPU
		{2636C16C-36D3-41BA-AA62-ADC4051DE6A6}.Release|Any CPU.Build.0 = Release|Any CPU
		{29EB2BD5-A8C5-48AE-9E16-17105AD9442B}.Debug|Any CPU.ActiveCfg = Debug|Any CPU
		{29EB2BD5-A8C5-48AE-9E16-17105AD9442B}.Debug|Any CPU.Build.0 = Debug|Any CPU
		{29EB2BD5-A8C5-48AE-9E16-17105AD9442B}.Release|Any CPU.ActiveCfg = Release|Any CPU
		{29EB2BD5-A8C5-48AE-9E16-17105AD9442B}.Release|Any CPU.Build.0 = Release|Any CPU
		{9B0A513D-6345-4A5B-89FE-BB543A95AD14}.Debug|Any CPU.ActiveCfg = Debug|Any CPU
		{9B0A513D-6345-4A5B-89FE-BB543A95AD14}.Debug|Any CPU.Build.0 = Debug|Any CPU
		{9B0A513D-6345-4A5B-89FE-BB543A95AD14}.Release|Any CPU.ActiveCfg = Release|Any CPU
		{9B0A513D-6345-4A5B-89FE-BB543A95AD14}.Release|Any CPU.Build.0 = Release|Any CPU
		{8DE01DFF-39B1-4F10-BD5F-EA8AB57963F4}.Debug|Any CPU.ActiveCfg = Debug|Any CPU
		{8DE01DFF-39B1-4F10-BD5F-EA8AB57963F4}.Debug|Any CPU.Build.0 = Debug|Any CPU
		{8DE01DFF-39B1-4F10-BD5F-EA8AB57963F4}.Release|Any CPU.ActiveCfg = Release|Any CPU
		{8DE01DFF-39B1-4F10-BD5F-EA8AB57963F4}.Release|Any CPU.Build.0 = Release|Any CPU
	EndGlobalSection
EndGlobal
